
Microsoft Visual Studio Solution File, Format Version 12.00
# Visual Studio Version 16
VisualStudioVersion = 16.0.29009.5
MinimumVisualStudioVersion = 10.0.40219.1
Project("{9A19103F-16F7-4668-BE54-9A1E7A4F7556}") = "ConsoleChessApp", "ConsoleChessApp\ConsoleChessApp.csproj", "{01CB7270-413F-4E85-AAB3-3505C734FCDB}"
EndProject
Global
	GlobalSection(SolutionConfigurationPlatforms) = preSolution
		Debug|Any CPU = Debug|Any CPU
		Debug|x64 = Debug|x64
		Release|Any CPU = Release|Any CPU
		Release|x64 = Release|x64
		Test|Any CPU = Test|Any CPU
		Test|x64 = Test|x64
	EndGlobalSection
	GlobalSection(ProjectConfigurationPlatforms) = postSolution
		{01CB7270-413F-4E85-AAB3-3505C734FCDB}.Debug|Any CPU.ActiveCfg = Debug|Any CPU
		{01CB7270-413F-4E85-AAB3-3505C734FCDB}.Debug|Any CPU.Build.0 = Debug|Any CPU
		{01CB7270-413F-4E85-AAB3-3505C734FCDB}.Debug|x64.ActiveCfg = Debug|x64
		{01CB7270-413F-4E85-AAB3-3505C734FCDB}.Debug|x64.Build.0 = Debug|x64
		{01CB7270-413F-4E85-AAB3-3505C734FCDB}.Release|Any CPU.ActiveCfg = Release|Any CPU
		{01CB7270-413F-4E85-AAB3-3505C734FCDB}.Release|Any CPU.Build.0 = Release|Any CPU
		{01CB7270-413F-4E85-AAB3-3505C734FCDB}.Release|x64.ActiveCfg = Release|x64
		{01CB7270-413F-4E85-AAB3-3505C734FCDB}.Release|x64.Build.0 = Release|x64
		{01CB7270-413F-4E85-AAB3-3505C734FCDB}.Test|Any CPU.ActiveCfg = Test|Any CPU
		{01CB7270-413F-4E85-AAB3-3505C734FCDB}.Test|Any CPU.Build.0 = Test|Any CPU
		{01CB7270-413F-4E85-AAB3-3505C734FCDB}.Test|x64.ActiveCfg = Test|x64
		{01CB7270-413F-4E85-AAB3-3505C734FCDB}.Test|x64.Build.0 = Test|x64
	EndGlobalSection
	GlobalSection(SolutionProperties) = preSolution
		HideSolutionNode = FALSE
	EndGlobalSection
	GlobalSection(ExtensibilityGlobals) = postSolution
		SolutionGuid = {333B922C-C05A-4AC4-BC93-FDA86FF409D3}
	EndGlobalSection
EndGlobal
