
Microsoft Visual Studio Solution File, Format Version 12.00
# Visual Studio Version 16
VisualStudioVersion = 16.0.29009.5
MinimumVisualStudioVersion = 10.0.40219.1
Project("{FAE04EC0-301F-11D3-BF4B-00C04F79EFBC}") = "ConsoleChessApp", "ConsoleChessApp\ConsoleChessApp.csproj", "{01CB7270-413F-4E85-AAB3-3505C734FCDB}"
EndProject
Global
	GlobalSection(SolutionConfigurationPlatforms) = preSolution
		Debug|Any CPU = Debug|Any CPU
		Release|Any CPU = Release|Any CPU
	EndGlobalSection
	GlobalSection(ProjectConfigurationPlatforms) = postSolution
		{01CB7270-413F-4E85-AAB3-3505C734FCDB}.Debug|Any CPU.ActiveCfg = Debug|Any CPU
		{01CB7270-413F-4E85-AAB3-3505C734FCDB}.Debug|Any CPU.Build.0 = Debug|Any CPU
		{01CB7270-413F-4E85-AAB3-3505C734FCDB}.Release|Any CPU.ActiveCfg = Release|Any CPU
		{01CB7270-413F-4E85-AAB3-3505C734FCDB}.Release|Any CPU.Build.0 = Release|Any CPU
	EndGlobalSection
	GlobalSection(SolutionProperties) = preSolution
		HideSolutionNode = FALSE
	EndGlobalSection
	GlobalSection(ExtensibilityGlobals) = postSolution
		SolutionGuid = {333B922C-C05A-4AC4-BC93-FDA86FF409D3}
	EndGlobalSection
EndGlobal
